
Microsoft Visual Studio Solution File, Format Version 12.00
# Visual Studio 2012
Project("{FAE04EC0-301F-11D3-BF4B-00C04F79EFBC}") = "RevolutionWebApiNativeApp", "RevolutionWebApiNativeApp\RevolutionWebApiNativeApp.csproj", "{C9C039B1-750E-4F00-B68D-5C2A50025D59}"
EndProject
Project("{2150E333-8FDC-42A3-9474-1A3956D46DE8}") = ".nuget", ".nuget", "{BD58E7ED-3A8A-4212-92D7-A6EE3772DCDA}"
	ProjectSection(SolutionItems) = preProject
		.nuget\NuGet.Config = .nuget\NuGet.Config
		.nuget\NuGet.exe = .nuget\NuGet.exe
		.nuget\NuGet.targets = .nuget\NuGet.targets
	EndProjectSection
EndProject
Global
	GlobalSection(SolutionConfigurationPlatforms) = preSolution
		Debug|Any CPU = Debug|Any CPU
		Release|Any CPU = Release|Any CPU
	EndGlobalSection
	GlobalSection(ProjectConfigurationPlatforms) = postSolution
		{C9C039B1-750E-4F00-B68D-5C2A50025D59}.Debug|Any CPU.ActiveCfg = Debug|Any CPU
		{C9C039B1-750E-4F00-B68D-5C2A50025D59}.Debug|Any CPU.Build.0 = Debug|Any CPU
		{C9C039B1-750E-4F00-B68D-5C2A50025D59}.Release|Any CPU.ActiveCfg = Release|Any CPU
		{C9C039B1-750E-4F00-B68D-5C2A50025D59}.Release|Any CPU.Build.0 = Release|Any CPU
	EndGlobalSection
	GlobalSection(SolutionProperties) = preSolution
		HideSolutionNode = FALSE
	EndGlobalSection
EndGlobal
